
Microsoft Visual Studio Solution File, Format Version 12.00
# Visual Studio Version 17
VisualStudioVersion = 17.7.34024.191
MinimumVisualStudioVersion = 10.0.40219.1
Project("{9A19103F-16F7-4668-BE54-9A1E7A4F7556}") = "azure-app-nitin-vs", "azure-app-nitin-vs\azure-app-nitin-vs.csproj", "{147BC14F-1F75-48D4-A269-1E27B0070894}"
EndProject
Global
	GlobalSection(SolutionConfigurationPlatforms) = preSolution
		Debug|Any CPU = Debug|Any CPU
		Release|Any CPU = Release|Any CPU
	EndGlobalSection
	GlobalSection(ProjectConfigurationPlatforms) = postSolution
		{147BC14F-1F75-48D4-A269-1E27B0070894}.Debug|Any CPU.ActiveCfg = Debug|Any CPU
		{147BC14F-1F75-48D4-A269-1E27B0070894}.Debug|Any CPU.Build.0 = Debug|Any CPU
		{147BC14F-1F75-48D4-A269-1E27B0070894}.Release|Any CPU.ActiveCfg = Release|Any CPU
		{147BC14F-1F75-48D4-A269-1E27B0070894}.Release|Any CPU.Build.0 = Release|Any CPU
	EndGlobalSection
	GlobalSection(SolutionProperties) = preSolution
		HideSolutionNode = FALSE
	EndGlobalSection
	GlobalSection(ExtensibilityGlobals) = postSolution
		SolutionGuid = {C03C3B3F-51E7-4E36-B137-318F049B7913}
	EndGlobalSection
EndGlobal
